
Microsoft Visual Studio Solution File, Format Version 12.00
# Visual Studio Version 17
VisualStudioVersion = 17.2.32602.215
MinimumVisualStudioVersion = 10.0.40219.1
Project("{FAE04EC0-301F-11D3-BF4B-00C04F79EFBC}") = "Ortalama Hesaplama", "Ortalama Hesaplama\Ortalama Hesaplama.csproj", "{8475BF78-9FF9-4F5C-BAC9-4D10B6C6D9AB}"
EndProject
Project("{FAE04EC0-301F-11D3-BF4B-00C04F79EFBC}") = "UcgenCizme", "UcgenCizme\UcgenCizme.csproj", "{B053CE73-C665-4916-AF40-2959734612AF}"
EndProject
Project("{FAE04EC0-301F-11D3-BF4B-00C04F79EFBC}") = "DaireCizme", "DaireCizme\DaireCizme.csproj", "{9C5D21CD-9967-4C0F-ABA9-2AC22557050E}"
EndProject
Global
	GlobalSection(SolutionConfigurationPlatforms) = preSolution
		Debug|Any CPU = Debug|Any CPU
		Release|Any CPU = Release|Any CPU
	EndGlobalSection
	GlobalSection(ProjectConfigurationPlatforms) = postSolution
		{8475BF78-9FF9-4F5C-BAC9-4D10B6C6D9AB}.Debug|Any CPU.ActiveCfg = Debug|Any CPU
		{8475BF78-9FF9-4F5C-BAC9-4D10B6C6D9AB}.Debug|Any CPU.Build.0 = Debug|Any CPU
		{8475BF78-9FF9-4F5C-BAC9-4D10B6C6D9AB}.Release|Any CPU.ActiveCfg = Release|Any CPU
		{8475BF78-9FF9-4F5C-BAC9-4D10B6C6D9AB}.Release|Any CPU.Build.0 = Release|Any CPU
		{B053CE73-C665-4916-AF40-2959734612AF}.Debug|Any CPU.ActiveCfg = Debug|Any CPU
		{B053CE73-C665-4916-AF40-2959734612AF}.Debug|Any CPU.Build.0 = Debug|Any CPU
		{B053CE73-C665-4916-AF40-2959734612AF}.Release|Any CPU.ActiveCfg = Release|Any CPU
		{B053CE73-C665-4916-AF40-2959734612AF}.Release|Any CPU.Build.0 = Release|Any CPU
		{9C5D21CD-9967-4C0F-ABA9-2AC22557050E}.Debug|Any CPU.ActiveCfg = Debug|Any CPU
		{9C5D21CD-9967-4C0F-ABA9-2AC22557050E}.Debug|Any CPU.Build.0 = Debug|Any CPU
		{9C5D21CD-9967-4C0F-ABA9-2AC22557050E}.Release|Any CPU.ActiveCfg = Release|Any CPU
		{9C5D21CD-9967-4C0F-ABA9-2AC22557050E}.Release|Any CPU.Build.0 = Release|Any CPU
	EndGlobalSection
	GlobalSection(SolutionProperties) = preSolution
		HideSolutionNode = FALSE
	EndGlobalSection
	GlobalSection(ExtensibilityGlobals) = postSolution
		SolutionGuid = {A81DB5AC-266D-4238-A8F1-0B0430652939}
	EndGlobalSection
EndGlobal
