
Microsoft Visual Studio Solution File, Format Version 12.00
# Visual Studio Version 17
VisualStudioVersion = 17.2.32602.215
MinimumVisualStudioVersion = 10.0.40219.1
Project("{FAE04EC0-301F-11D3-BF4B-00C04F79EFBC}") = "Ortalama Hesaplama", "Ortalama Hesaplama\Ortalama Hesaplama.csproj", "{8475BF78-9FF9-4F5C-BAC9-4D10B6C6D9AB}"
EndProject
Project("{FAE04EC0-301F-11D3-BF4B-00C04F79EFBC}") = "UcgenCizme", "UcgenCizme\UcgenCizme.csproj", "{B053CE73-C665-4916-AF40-2959734612AF}"
EndProject
Project("{FAE04EC0-301F-11D3-BF4B-00C04F79EFBC}") = "DaireCizme", "DaireCizme\DaireCizme.csproj", "{9C5D21CD-9967-4C0F-ABA9-2AC22557050E}"
EndProject
Project("{FAE04EC0-301F-11D3-BF4B-00C04F79EFBC}") = "Algoritma", "Algoritma\Algoritma.csproj", "{72ECB9DA-90AF-4DDD-AF95-48F1463A0ABF}"
EndProject
Project("{FAE04EC0-301F-11D3-BF4B-00C04F79EFBC}") = "Karakter_Tersten_Yazdırma", "Karakter_Tersten_Yazdırma\Karakter_Tersten_Yazdırma.csproj", "{C48AE158-58DE-4FFE-A400-67515777C0C4}"
EndProject
Project("{FAE04EC0-301F-11D3-BF4B-00C04F79EFBC}") = "Alan Hesaplama", "Alan Hesaplama\Alan Hesaplama.csproj", "{04794E70-298D-4E60-877C-AD9198DA625F}"
EndProject
Project("{FAE04EC0-301F-11D3-BF4B-00C04F79EFBC}") = "Integer İkililerin Toplamı", "Integer İkililerin Toplamı\Integer İkililerin Toplamı.csproj", "{23703600-F4C4-4A16-9C42-0C1A8B47ADAC}"
EndProject
Project("{FAE04EC0-301F-11D3-BF4B-00C04F79EFBC}") = "Mutlak Kare Alma", "Mutlak Kare Alma\Mutlak Kare Alma.csproj", "{7FC4358D-0162-4D14-BDA2-D7BA7A545B61}"
EndProject
Project("{FAE04EC0-301F-11D3-BF4B-00C04F79EFBC}") = "Karakter Değiştirme", "Karakter Değiştirme\Karakter Değiştirme.csproj", "{28F45356-25F6-4549-85F7-551DBED26456}"
EndProject
Project("{FAE04EC0-301F-11D3-BF4B-00C04F79EFBC}") = "Sessiz Harf", "Sessiz Harf\Sessiz Harf.csproj", "{4742410C-838F-4AE0-B09B-C43129E7179B}"
EndProject
Project("{FAE04EC0-301F-11D3-BF4B-00C04F79EFBC}") = "Voting Uygulaması", "Voting Uygulaması\Voting Uygulaması.csproj", "{537F441F-D0D3-4CAA-95ED-39F71B21C337}"
EndProject
Project("{FAE04EC0-301F-11D3-BF4B-00C04F79EFBC}") = "ATM Uygulaması", "ATM Uygulaması\ATM Uygulaması.csproj", "{F69EEC76-8AE3-49B2-B23E-26470DC46017}"
EndProject
Project("{2150E333-8FDC-42A3-9474-1A3956D46DE8}") = "EnginDemirog", "EnginDemirog", "{9309159C-0E07-4CAD-974A-84A5D87B3FC2}"
EndProject
Project("{FAE04EC0-301F-11D3-BF4B-00C04F79EFBC}") = "Hafta2_odev6", "Hafta2_odev6\Hafta2_odev6.csproj", "{537FBA1D-F346-4500-BAB7-7BD6ECAB8AF2}"
EndProject
Global
	GlobalSection(SolutionConfigurationPlatforms) = preSolution
		Debug|Any CPU = Debug|Any CPU
		Release|Any CPU = Release|Any CPU
	EndGlobalSection
	GlobalSection(ProjectConfigurationPlatforms) = postSolution
		{8475BF78-9FF9-4F5C-BAC9-4D10B6C6D9AB}.Debug|Any CPU.ActiveCfg = Debug|Any CPU
		{8475BF78-9FF9-4F5C-BAC9-4D10B6C6D9AB}.Debug|Any CPU.Build.0 = Debug|Any CPU
		{8475BF78-9FF9-4F5C-BAC9-4D10B6C6D9AB}.Release|Any CPU.ActiveCfg = Release|Any CPU
		{8475BF78-9FF9-4F5C-BAC9-4D10B6C6D9AB}.Release|Any CPU.Build.0 = Release|Any CPU
		{B053CE73-C665-4916-AF40-2959734612AF}.Debug|Any CPU.ActiveCfg = Debug|Any CPU
		{B053CE73-C665-4916-AF40-2959734612AF}.Debug|Any CPU.Build.0 = Debug|Any CPU
		{B053CE73-C665-4916-AF40-2959734612AF}.Release|Any CPU.ActiveCfg = Release|Any CPU
		{B053CE73-C665-4916-AF40-2959734612AF}.Release|Any CPU.Build.0 = Release|Any CPU
		{9C5D21CD-9967-4C0F-ABA9-2AC22557050E}.Debug|Any CPU.ActiveCfg = Debug|Any CPU
		{9C5D21CD-9967-4C0F-ABA9-2AC22557050E}.Debug|Any CPU.Build.0 = Debug|Any CPU
		{9C5D21CD-9967-4C0F-ABA9-2AC22557050E}.Release|Any CPU.ActiveCfg = Release|Any CPU
		{9C5D21CD-9967-4C0F-ABA9-2AC22557050E}.Release|Any CPU.Build.0 = Release|Any CPU
		{72ECB9DA-90AF-4DDD-AF95-48F1463A0ABF}.Debug|Any CPU.ActiveCfg = Debug|Any CPU
		{72ECB9DA-90AF-4DDD-AF95-48F1463A0ABF}.Debug|Any CPU.Build.0 = Debug|Any CPU
		{72ECB9DA-90AF-4DDD-AF95-48F1463A0ABF}.Release|Any CPU.ActiveCfg = Release|Any CPU
		{72ECB9DA-90AF-4DDD-AF95-48F1463A0ABF}.Release|Any CPU.Build.0 = Release|Any CPU
		{C48AE158-58DE-4FFE-A400-67515777C0C4}.Debug|Any CPU.ActiveCfg = Debug|Any CPU
		{C48AE158-58DE-4FFE-A400-67515777C0C4}.Debug|Any CPU.Build.0 = Debug|Any CPU
		{C48AE158-58DE-4FFE-A400-67515777C0C4}.Release|Any CPU.ActiveCfg = Release|Any CPU
		{C48AE158-58DE-4FFE-A400-67515777C0C4}.Release|Any CPU.Build.0 = Release|Any CPU
		{04794E70-298D-4E60-877C-AD9198DA625F}.Debug|Any CPU.ActiveCfg = Debug|Any CPU
		{04794E70-298D-4E60-877C-AD9198DA625F}.Debug|Any CPU.Build.0 = Debug|Any CPU
		{04794E70-298D-4E60-877C-AD9198DA625F}.Release|Any CPU.ActiveCfg = Release|Any CPU
		{04794E70-298D-4E60-877C-AD9198DA625F}.Release|Any CPU.Build.0 = Release|Any CPU
		{23703600-F4C4-4A16-9C42-0C1A8B47ADAC}.Debug|Any CPU.ActiveCfg = Debug|Any CPU
		{23703600-F4C4-4A16-9C42-0C1A8B47ADAC}.Debug|Any CPU.Build.0 = Debug|Any CPU
		{23703600-F4C4-4A16-9C42-0C1A8B47ADAC}.Release|Any CPU.ActiveCfg = Release|Any CPU
		{23703600-F4C4-4A16-9C42-0C1A8B47ADAC}.Release|Any CPU.Build.0 = Release|Any CPU
		{7FC4358D-0162-4D14-BDA2-D7BA7A545B61}.Debug|Any CPU.ActiveCfg = Debug|Any CPU
		{7FC4358D-0162-4D14-BDA2-D7BA7A545B61}.Debug|Any CPU.Build.0 = Debug|Any CPU
		{7FC4358D-0162-4D14-BDA2-D7BA7A545B61}.Release|Any CPU.ActiveCfg = Release|Any CPU
		{7FC4358D-0162-4D14-BDA2-D7BA7A545B61}.Release|Any CPU.Build.0 = Release|Any CPU
		{28F45356-25F6-4549-85F7-551DBED26456}.Debug|Any CPU.ActiveCfg = Debug|Any CPU
		{28F45356-25F6-4549-85F7-551DBED26456}.Debug|Any CPU.Build.0 = Debug|Any CPU
		{28F45356-25F6-4549-85F7-551DBED26456}.Release|Any CPU.ActiveCfg = Release|Any CPU
		{28F45356-25F6-4549-85F7-551DBED26456}.Release|Any CPU.Build.0 = Release|Any CPU
		{4742410C-838F-4AE0-B09B-C43129E7179B}.Debug|Any CPU.ActiveCfg = Debug|Any CPU
		{4742410C-838F-4AE0-B09B-C43129E7179B}.Debug|Any CPU.Build.0 = Debug|Any CPU
		{4742410C-838F-4AE0-B09B-C43129E7179B}.Release|Any CPU.ActiveCfg = Release|Any CPU
		{4742410C-838F-4AE0-B09B-C43129E7179B}.Release|Any CPU.Build.0 = Release|Any CPU
		{537F441F-D0D3-4CAA-95ED-39F71B21C337}.Debug|Any CPU.ActiveCfg = Debug|Any CPU
		{537F441F-D0D3-4CAA-95ED-39F71B21C337}.Debug|Any CPU.Build.0 = Debug|Any CPU
		{537F441F-D0D3-4CAA-95ED-39F71B21C337}.Release|Any CPU.ActiveCfg = Release|Any CPU
		{537F441F-D0D3-4CAA-95ED-39F71B21C337}.Release|Any CPU.Build.0 = Release|Any CPU
		{F69EEC76-8AE3-49B2-B23E-26470DC46017}.Debug|Any CPU.ActiveCfg = Debug|Any CPU
		{F69EEC76-8AE3-49B2-B23E-26470DC46017}.Debug|Any CPU.Build.0 = Debug|Any CPU
		{F69EEC76-8AE3-49B2-B23E-26470DC46017}.Release|Any CPU.ActiveCfg = Release|Any CPU
		{F69EEC76-8AE3-49B2-B23E-26470DC46017}.Release|Any CPU.Build.0 = Release|Any CPU
		{537FBA1D-F346-4500-BAB7-7BD6ECAB8AF2}.Debug|Any CPU.ActiveCfg = Debug|Any CPU
		{537FBA1D-F346-4500-BAB7-7BD6ECAB8AF2}.Debug|Any CPU.Build.0 = Debug|Any CPU
		{537FBA1D-F346-4500-BAB7-7BD6ECAB8AF2}.Release|Any CPU.ActiveCfg = Release|Any CPU
		{537FBA1D-F346-4500-BAB7-7BD6ECAB8AF2}.Release|Any CPU.Build.0 = Release|Any CPU
	EndGlobalSection
	GlobalSection(SolutionProperties) = preSolution
		HideSolutionNode = FALSE
	EndGlobalSection
	GlobalSection(NestedProjects) = preSolution
		{537FBA1D-F346-4500-BAB7-7BD6ECAB8AF2} = {9309159C-0E07-4CAD-974A-84A5D87B3FC2}
	EndGlobalSection
	GlobalSection(ExtensibilityGlobals) = postSolution
		SolutionGuid = {A81DB5AC-266D-4238-A8F1-0B0430652939}
	EndGlobalSection
EndGlobal
