
Microsoft Visual Studio Solution File, Format Version 12.00
# Visual Studio Version 17
VisualStudioVersion = 17.3.32804.467
MinimumVisualStudioVersion = 10.0.40219.1
Project("{9A19103F-16F7-4668-BE54-9A1E7A4F7556}") = "ETicaret.Domain", "Core\Eticaret.Domain\ETicaret.Domain.csproj", "{741954AB-6902-4503-9F64-89B2DDF4D134}"
EndProject
Project("{9A19103F-16F7-4668-BE54-9A1E7A4F7556}") = "ETicaret.Application", "Core\Eticaret.Application\ETicaret.Application.csproj", "{4FC0F7BC-6420-4EC1-B459-642140AFCE17}"
EndProject
Project("{2150E333-8FDC-42A3-9474-1A3956D46DE8}") = "Infrastructure", "Infrastructure", "{7F9110F8-9030-4099-9633-1FB05AE10076}"
EndProject
Project("{9A19103F-16F7-4668-BE54-9A1E7A4F7556}") = "ETicaret.Infrastructure", "Infrastructure\Eticaret.Infrastructure\ETicaret.Infrastructure.csproj", "{B7A77927-0DEE-43DD-B246-AC9F90138476}"
EndProject
Project("{9A19103F-16F7-4668-BE54-9A1E7A4F7556}") = "ETicaret.Persistence", "Infrastructure\Eticaret.Persistence\ETicaret.Persistence.csproj", "{77855E34-4601-49D3-B6DC-1A4356C24687}"
EndProject
Project("{2150E333-8FDC-42A3-9474-1A3956D46DE8}") = "Presentation", "Presentation", "{93476A1F-2226-455A-BF5F-A256363E15CB}"
EndProject
Project("{9A19103F-16F7-4668-BE54-9A1E7A4F7556}") = "ETicaret.API", "Presentation\Eticaret.API\ETicaret.API.csproj", "{782615E5-CF3B-4295-A86D-BED6F3CAC3A9}"
EndProject
Project("{2150E333-8FDC-42A3-9474-1A3956D46DE8}") = "Core", "Core", "{92303BB8-1B5C-4238-98A7-0F81FFD64128}"
EndProject
Global
	GlobalSection(SolutionConfigurationPlatforms) = preSolution
		Debug|Any CPU = Debug|Any CPU
		Release|Any CPU = Release|Any CPU
	EndGlobalSection
	GlobalSection(ProjectConfigurationPlatforms) = postSolution
		{741954AB-6902-4503-9F64-89B2DDF4D134}.Debug|Any CPU.ActiveCfg = Debug|Any CPU
		{741954AB-6902-4503-9F64-89B2DDF4D134}.Debug|Any CPU.Build.0 = Debug|Any CPU
		{741954AB-6902-4503-9F64-89B2DDF4D134}.Release|Any CPU.ActiveCfg = Release|Any CPU
		{741954AB-6902-4503-9F64-89B2DDF4D134}.Release|Any CPU.Build.0 = Release|Any CPU
		{4FC0F7BC-6420-4EC1-B459-642140AFCE17}.Debug|Any CPU.ActiveCfg = Debug|Any CPU
		{4FC0F7BC-6420-4EC1-B459-642140AFCE17}.Debug|Any CPU.Build.0 = Debug|Any CPU
		{4FC0F7BC-6420-4EC1-B459-642140AFCE17}.Release|Any CPU.ActiveCfg = Release|Any CPU
		{4FC0F7BC-6420-4EC1-B459-642140AFCE17}.Release|Any CPU.Build.0 = Release|Any CPU
		{B7A77927-0DEE-43DD-B246-AC9F90138476}.Debug|Any CPU.ActiveCfg = Debug|Any CPU
		{B7A77927-0DEE-43DD-B246-AC9F90138476}.Debug|Any CPU.Build.0 = Debug|Any CPU
		{B7A77927-0DEE-43DD-B246-AC9F90138476}.Release|Any CPU.ActiveCfg = Release|Any CPU
		{B7A77927-0DEE-43DD-B246-AC9F90138476}.Release|Any CPU.Build.0 = Release|Any CPU
		{77855E34-4601-49D3-B6DC-1A4356C24687}.Debug|Any CPU.ActiveCfg = Debug|Any CPU
		{77855E34-4601-49D3-B6DC-1A4356C24687}.Debug|Any CPU.Build.0 = Debug|Any CPU
		{77855E34-4601-49D3-B6DC-1A4356C24687}.Release|Any CPU.ActiveCfg = Release|Any CPU
		{77855E34-4601-49D3-B6DC-1A4356C24687}.Release|Any CPU.Build.0 = Release|Any CPU
		{782615E5-CF3B-4295-A86D-BED6F3CAC3A9}.Debug|Any CPU.ActiveCfg = Debug|Any CPU
		{782615E5-CF3B-4295-A86D-BED6F3CAC3A9}.Debug|Any CPU.Build.0 = Debug|Any CPU
		{782615E5-CF3B-4295-A86D-BED6F3CAC3A9}.Release|Any CPU.ActiveCfg = Release|Any CPU
		{782615E5-CF3B-4295-A86D-BED6F3CAC3A9}.Release|Any CPU.Build.0 = Release|Any CPU
	EndGlobalSection
	GlobalSection(SolutionProperties) = preSolution
		HideSolutionNode = FALSE
	EndGlobalSection
	GlobalSection(NestedProjects) = preSolution
		{741954AB-6902-4503-9F64-89B2DDF4D134} = {92303BB8-1B5C-4238-98A7-0F81FFD64128}
		{4FC0F7BC-6420-4EC1-B459-642140AFCE17} = {92303BB8-1B5C-4238-98A7-0F81FFD64128}
		{B7A77927-0DEE-43DD-B246-AC9F90138476} = {7F9110F8-9030-4099-9633-1FB05AE10076}
		{77855E34-4601-49D3-B6DC-1A4356C24687} = {7F9110F8-9030-4099-9633-1FB05AE10076}
		{782615E5-CF3B-4295-A86D-BED6F3CAC3A9} = {93476A1F-2226-455A-BF5F-A256363E15CB}
	EndGlobalSection
	GlobalSection(ExtensibilityGlobals) = postSolution
		SolutionGuid = {411221B1-43F7-4A12-BBB5-334436F650CC}
	EndGlobalSection
EndGlobal
