
Microsoft Visual Studio Solution File, Format Version 12.00
# Visual Studio Version 17
VisualStudioVersion = 17.2.32602.215
MinimumVisualStudioVersion = 10.0.40219.1
Project("{FAE04EC0-301F-11D3-BF4B-00C04F79EFBC}") = "OOP1", "OOP1\OOP1.csproj", "{E6742106-94F0-4DCB-9B03-6D0D8E72A785}"
EndProject
Project("{FAE04EC0-301F-11D3-BF4B-00C04F79EFBC}") = "MyListCread", "MyListCread\MyListCread.csproj", "{27B48E65-CF07-4B3F-935A-395A92C8ECB4}"
EndProject
Project("{FAE04EC0-301F-11D3-BF4B-00C04F79EFBC}") = "MyDictionary", "MyDictionary\MyDictionary.csproj", "{63FFB85F-8906-4416-B0CD-8674DB78A752}"
EndProject
Project("{FAE04EC0-301F-11D3-BF4B-00C04F79EFBC}") = "Opp2", "Opp2\Opp2.csproj", "{84A409E8-15BB-47E2-8CFB-CF94DC7CB0EB}"
EndProject
Project("{FAE04EC0-301F-11D3-BF4B-00C04F79EFBC}") = "Oop3", "Oop3\Oop3.csproj", "{24331B8F-04C4-4CB5-877A-83A2CCA15DF6}"
EndProject
Project("{FAE04EC0-301F-11D3-BF4B-00C04F79EFBC}") = "GameSale", "GameSale\GameSale.csproj", "{CDB892AC-983A-4E03-B56E-3A5C5449E599}"
EndProject
Global
	GlobalSection(SolutionConfigurationPlatforms) = preSolution
		Debug|Any CPU = Debug|Any CPU
		Release|Any CPU = Release|Any CPU
	EndGlobalSection
	GlobalSection(ProjectConfigurationPlatforms) = postSolution
		{E6742106-94F0-4DCB-9B03-6D0D8E72A785}.Debug|Any CPU.ActiveCfg = Debug|Any CPU
		{E6742106-94F0-4DCB-9B03-6D0D8E72A785}.Debug|Any CPU.Build.0 = Debug|Any CPU
		{E6742106-94F0-4DCB-9B03-6D0D8E72A785}.Release|Any CPU.ActiveCfg = Release|Any CPU
		{E6742106-94F0-4DCB-9B03-6D0D8E72A785}.Release|Any CPU.Build.0 = Release|Any CPU
		{27B48E65-CF07-4B3F-935A-395A92C8ECB4}.Debug|Any CPU.ActiveCfg = Debug|Any CPU
		{27B48E65-CF07-4B3F-935A-395A92C8ECB4}.Debug|Any CPU.Build.0 = Debug|Any CPU
		{27B48E65-CF07-4B3F-935A-395A92C8ECB4}.Release|Any CPU.ActiveCfg = Release|Any CPU
		{27B48E65-CF07-4B3F-935A-395A92C8ECB4}.Release|Any CPU.Build.0 = Release|Any CPU
		{63FFB85F-8906-4416-B0CD-8674DB78A752}.Debug|Any CPU.ActiveCfg = Debug|Any CPU
		{63FFB85F-8906-4416-B0CD-8674DB78A752}.Debug|Any CPU.Build.0 = Debug|Any CPU
		{63FFB85F-8906-4416-B0CD-8674DB78A752}.Release|Any CPU.ActiveCfg = Release|Any CPU
		{63FFB85F-8906-4416-B0CD-8674DB78A752}.Release|Any CPU.Build.0 = Release|Any CPU
		{84A409E8-15BB-47E2-8CFB-CF94DC7CB0EB}.Debug|Any CPU.ActiveCfg = Debug|Any CPU
		{84A409E8-15BB-47E2-8CFB-CF94DC7CB0EB}.Debug|Any CPU.Build.0 = Debug|Any CPU
		{84A409E8-15BB-47E2-8CFB-CF94DC7CB0EB}.Release|Any CPU.ActiveCfg = Release|Any CPU
		{84A409E8-15BB-47E2-8CFB-CF94DC7CB0EB}.Release|Any CPU.Build.0 = Release|Any CPU
		{24331B8F-04C4-4CB5-877A-83A2CCA15DF6}.Debug|Any CPU.ActiveCfg = Debug|Any CPU
		{24331B8F-04C4-4CB5-877A-83A2CCA15DF6}.Debug|Any CPU.Build.0 = Debug|Any CPU
		{24331B8F-04C4-4CB5-877A-83A2CCA15DF6}.Release|Any CPU.ActiveCfg = Release|Any CPU
		{24331B8F-04C4-4CB5-877A-83A2CCA15DF6}.Release|Any CPU.Build.0 = Release|Any CPU
		{CDB892AC-983A-4E03-B56E-3A5C5449E599}.Debug|Any CPU.ActiveCfg = Debug|Any CPU
		{CDB892AC-983A-4E03-B56E-3A5C5449E599}.Debug|Any CPU.Build.0 = Debug|Any CPU
		{CDB892AC-983A-4E03-B56E-3A5C5449E599}.Release|Any CPU.ActiveCfg = Release|Any CPU
		{CDB892AC-983A-4E03-B56E-3A5C5449E599}.Release|Any CPU.Build.0 = Release|Any CPU
	EndGlobalSection
	GlobalSection(SolutionProperties) = preSolution
		HideSolutionNode = FALSE
	EndGlobalSection
	GlobalSection(ExtensibilityGlobals) = postSolution
		SolutionGuid = {7B88C1E7-F29A-4E4B-A4DD-14731EBEB520}
	EndGlobalSection
EndGlobal
