
Microsoft Visual Studio Solution File, Format Version 12.00
# Visual Studio Version 17
VisualStudioVersion = 17.3.32804.467
MinimumVisualStudioVersion = 10.0.40219.1
Project("{FAE04EC0-301F-11D3-BF4B-00C04F79EFBC}") = "FizzBuzz", "ConsoleApp2\FizzBuzz.csproj", "{DBE60214-861B-4F0E-A08A-3FA5DC049332}"
EndProject
Project("{FAE04EC0-301F-11D3-BF4B-00C04F79EFBC}") = "Walk", "Walk\Walk.csproj", "{1D7B1F6F-E361-41ED-AD6E-AF32E5145C24}"
EndProject
Global
	GlobalSection(SolutionConfigurationPlatforms) = preSolution
		Debug|Any CPU = Debug|Any CPU
		Release|Any CPU = Release|Any CPU
	EndGlobalSection
	GlobalSection(ProjectConfigurationPlatforms) = postSolution
		{DBE60214-861B-4F0E-A08A-3FA5DC049332}.Debug|Any CPU.ActiveCfg = Debug|Any CPU
		{DBE60214-861B-4F0E-A08A-3FA5DC049332}.Debug|Any CPU.Build.0 = Debug|Any CPU
		{DBE60214-861B-4F0E-A08A-3FA5DC049332}.Release|Any CPU.ActiveCfg = Release|Any CPU
		{DBE60214-861B-4F0E-A08A-3FA5DC049332}.Release|Any CPU.Build.0 = Release|Any CPU
		{1D7B1F6F-E361-41ED-AD6E-AF32E5145C24}.Debug|Any CPU.ActiveCfg = Debug|Any CPU
		{1D7B1F6F-E361-41ED-AD6E-AF32E5145C24}.Debug|Any CPU.Build.0 = Debug|Any CPU
		{1D7B1F6F-E361-41ED-AD6E-AF32E5145C24}.Release|Any CPU.ActiveCfg = Release|Any CPU
		{1D7B1F6F-E361-41ED-AD6E-AF32E5145C24}.Release|Any CPU.Build.0 = Release|Any CPU
	EndGlobalSection
	GlobalSection(SolutionProperties) = preSolution
		HideSolutionNode = FALSE
	EndGlobalSection
	GlobalSection(ExtensibilityGlobals) = postSolution
		SolutionGuid = {30C11F54-8FD0-4C7E-A169-BADCC0E416F6}
	EndGlobalSection
EndGlobal
