
Microsoft Visual Studio Solution File, Format Version 12.00
# Visual Studio Version 17
VisualStudioVersion = 17.1.32414.318
MinimumVisualStudioVersion = 10.0.40219.1
Project("{FAE04EC0-301F-11D3-BF4B-00C04F79EFBC}") = "Layout Yapilanmasi", "Layout Yapilanmasi\Layout Yapilanmasi.csproj", "{6639B0D3-BCD5-4991-8FE4-C42CA1AD5C33}"
EndProject
Global
	GlobalSection(SolutionConfigurationPlatforms) = preSolution
		Debug|Any CPU = Debug|Any CPU
		Release|Any CPU = Release|Any CPU
	EndGlobalSection
	GlobalSection(ProjectConfigurationPlatforms) = postSolution
		{6639B0D3-BCD5-4991-8FE4-C42CA1AD5C33}.Debug|Any CPU.ActiveCfg = Debug|Any CPU
		{6639B0D3-BCD5-4991-8FE4-C42CA1AD5C33}.Debug|Any CPU.Build.0 = Debug|Any CPU
		{6639B0D3-BCD5-4991-8FE4-C42CA1AD5C33}.Release|Any CPU.ActiveCfg = Release|Any CPU
		{6639B0D3-BCD5-4991-8FE4-C42CA1AD5C33}.Release|Any CPU.Build.0 = Release|Any CPU
	EndGlobalSection
	GlobalSection(SolutionProperties) = preSolution
		HideSolutionNode = FALSE
	EndGlobalSection
	GlobalSection(ExtensibilityGlobals) = postSolution
		SolutionGuid = {828913F1-6C98-43B8-8E44-350FFB663A5D}
	EndGlobalSection
EndGlobal
