
Microsoft Visual Studio Solution File, Format Version 12.00
# Visual Studio Version 17
VisualStudioVersion = 17.1.32414.318
MinimumVisualStudioVersion = 10.0.40219.1
Project("{FAE04EC0-301F-11D3-BF4B-00C04F79EFBC}") = "Model Binding", "Model Binding\Model Binding.csproj", "{9C5AC21C-3EE8-462C-8242-7171B585EF5A}"
EndProject
Global
	GlobalSection(SolutionConfigurationPlatforms) = preSolution
		Debug|Any CPU = Debug|Any CPU
		Release|Any CPU = Release|Any CPU
	EndGlobalSection
	GlobalSection(ProjectConfigurationPlatforms) = postSolution
		{9C5AC21C-3EE8-462C-8242-7171B585EF5A}.Debug|Any CPU.ActiveCfg = Debug|Any CPU
		{9C5AC21C-3EE8-462C-8242-7171B585EF5A}.Debug|Any CPU.Build.0 = Debug|Any CPU
		{9C5AC21C-3EE8-462C-8242-7171B585EF5A}.Release|Any CPU.ActiveCfg = Release|Any CPU
		{9C5AC21C-3EE8-462C-8242-7171B585EF5A}.Release|Any CPU.Build.0 = Release|Any CPU
	EndGlobalSection
	GlobalSection(SolutionProperties) = preSolution
		HideSolutionNode = FALSE
	EndGlobalSection
	GlobalSection(ExtensibilityGlobals) = postSolution
		SolutionGuid = {A6105552-3300-44FC-98E5-6D51A74FA47F}
	EndGlobalSection
EndGlobal
